# This file is automatically @generated by Cargo.
# It is not intended for manual editing.
version = 3

[[package]]
name = "adapter-core"
version = "0.1.0"

[[package]]
name = "adapter-sacn"
version = "0.1.0"

[[package]]
name = "audiophore-audio"
version = "0.1.0"

[[package]]
name = "audiophore-cli"
version = "0.1.0"

[[package]]
name = "audiophore-core"
version = "0.1.0"

[[package]]
name = "audiophore-engine"
version = "0.1.0"
